// !$*UTF8*$!
{
	archiveVersion = 1;
	classes = {
	};
	objectVersion = 46;
	objects = {

/* Begin PBXBuildFile section */
		7E964ED81ECFE05000D532EE /* AppDelegate.swift in Sources */ = {isa = PBXBuildFile; fileRef = 7E964ED71ECFE05000D532EE /* AppDelegate.swift */; };
		7E964EDA1ECFE05000D532EE /* ParallaxEffectViewController.swift in Sources */ = {isa = PBXBuildFile; fileRef = 7E964ED91ECFE05000D532EE /* ParallaxEffectViewController.swift */; };
		7E964EDD1ECFE05000D532EE /* Main.storyboard in Resources */ = {isa = PBXBuildFile; fileRef = 7E964EDB1ECFE05000D532EE /* Main.storyboard */; };
		7E964EDF1ECFE05000D532EE /* Assets.xcassets in Resources */ = {isa = PBXBuildFile; fileRef = 7E964EDE1ECFE05000D532EE /* Assets.xcassets */; };
		7E964EE21ECFE05000D532EE /* LaunchScreen.storyboard in Resources */ = {isa = PBXBuildFile; fileRef = 7E964EE01ECFE05000D532EE /* LaunchScreen.storyboard */; };
		7E964EED1ECFE05000D532EE /* ParallaxEffectTests.swift in Sources */ = {isa = PBXBuildFile; fileRef = 7E964EEC1ECFE05000D532EE /* ParallaxEffectTests.swift */; };
		7E964EF81ECFE05000D532EE /* ParallaxEffectUITests.swift in Sources */ = {isa = PBXBuildFile; fileRef = 7E964EF71ECFE05000D532EE /* ParallaxEffectUITests.swift */; };
		7E964F081ECFE73800D532EE /* DummyAppCollectionViewCell.swift in Sources */ = {isa = PBXBuildFile; fileRef = 7E964F071ECFE73800D532EE /* DummyAppCollectionViewCell.swift */; };
/* End PBXBuildFile section */

/* Begin PBXContainerItemProxy section */
		7E964EE91ECFE05000D532EE /* PBXContainerItemProxy */ = {
			isa = PBXContainerItemProxy;
			containerPortal = 7E964ECC1ECFE05000D532EE /* Project object */;
			proxyType = 1;
			remoteGlobalIDString = 7E964ED31ECFE05000D532EE;
			remoteInfo = ParallaxEffect;
		};
		7E964EF41ECFE05000D532EE /* PBXContainerItemProxy */ = {
			isa = PBXContainerItemProxy;
			containerPortal = 7E964ECC1ECFE05000D532EE /* Project object */;
			proxyType = 1;
			remoteGlobalIDString = 7E964ED31ECFE05000D532EE;
			remoteInfo = ParallaxEffect;
		};
/* End PBXContainerItemProxy section */

/* Begin PBXFileReference section */
		7E964ED41ECFE05000D532EE /* ParallaxEffect.app */ = {isa = PBXFileReference; explicitFileType = wrapper.application; includeInIndex = 0; path = ParallaxEffect.app; sourceTree = BUILT_PRODUCTS_DIR; };
		7E964ED71ECFE05000D532EE /* AppDelegate.swift */ = {isa = PBXFileReference; lastKnownFileType = sourcecode.swift; path = AppDelegate.swift; sourceTree = "<group>"; };
		7E964ED91ECFE05000D532EE /* ParallaxEffectViewController.swift */ = {isa = PBXFileReference; lastKnownFileType = sourcecode.swift; path = ParallaxEffectViewController.swift; sourceTree = "<group>"; };
		7E964EDC1ECFE05000D532EE /* Base */ = {isa = PBXFileReference; lastKnownFileType = file.storyboard; name = Base; path = Base.lproj/Main.storyboard; sourceTree = "<group>"; };
		7E964EDE1ECFE05000D532EE /* Assets.xcassets */ = {isa = PBXFileReference; lastKnownFileType = folder.assetcatalog; path = Assets.xcassets; sourceTree = "<group>"; };
		7E964EE11ECFE05000D532EE /* Base */ = {isa = PBXFileReference; lastKnownFileType = file.storyboard; name = Base; path = Base.lproj/LaunchScreen.storyboard; sourceTree = "<group>"; };
		7E964EE31ECFE05000D532EE /* Info.plist */ = {isa = PBXFileReference; lastKnownFileType = text.plist.xml; path = Info.plist; sourceTree = "<group>"; };
		7E964EE81ECFE05000D532EE /* ParallaxEffectTests.xctest */ = {isa = PBXFileReference; explicitFileType = wrapper.cfbundle; includeInIndex = 0; path = ParallaxEffectTests.xctest; sourceTree = BUILT_PRODUCTS_DIR; };
		7E964EEC1ECFE05000D532EE /* ParallaxEffectTests.swift */ = {isa = PBXFileReference; lastKnownFileType = sourcecode.swift; path = ParallaxEffectTests.swift; sourceTree = "<group>"; };
		7E964EEE1ECFE05000D532EE /* Info.plist */ = {isa = PBXFileReference; lastKnownFileType = text.plist.xml; path = Info.plist; sourceTree = "<group>"; };
		7E964EF31ECFE05000D532EE /* ParallaxEffectUITests.xctest */ = {isa = PBXFileReference; explicitFileType = wrapper.cfbundle; includeInIndex = 0; path = ParallaxEffectUITests.xctest; sourceTree = BUILT_PRODUCTS_DIR; };
		7E964EF71ECFE05000D532EE /* ParallaxEffectUITests.swift */ = {isa = PBXFileReference; lastKnownFileType = sourcecode.swift; path = ParallaxEffectUITests.swift; sourceTree = "<group>"; };
		7E964EF91ECFE05000D532EE /* Info.plist */ = {isa = PBXFileReference; lastKnownFileType = text.plist.xml; path = Info.plist; sourceTree = "<group>"; };
		7E964F071ECFE73800D532EE /* DummyAppCollectionViewCell.swift */ = {isa = PBXFileReference; fileEncoding = 4; lastKnownFileType = sourcecode.swift; path = DummyAppCollectionViewCell.swift; sourceTree = "<group>"; };
/* End PBXFileReference section */

/* Begin PBXFrameworksBuildPhase section */
		7E964ED11ECFE05000D532EE /* Frameworks */ = {
			isa = PBXFrameworksBuildPhase;
			buildActionMask = 2147483647;
			files = (
			);
			runOnlyForDeploymentPostprocessing = 0;
		};
		7E964EE51ECFE05000D532EE /* Frameworks */ = {
			isa = PBXFrameworksBuildPhase;
			buildActionMask = 2147483647;
			files = (
			);
			runOnlyForDeploymentPostprocessing = 0;
		};
		7E964EF01ECFE05000D532EE /* Frameworks */ = {
			isa = PBXFrameworksBuildPhase;
			buildActionMask = 2147483647;
			files = (
			);
			runOnlyForDeploymentPostprocessing = 0;
		};
/* End PBXFrameworksBuildPhase section */

/* Begin PBXGroup section */
		7E964ECB1ECFE05000D532EE = {
			isa = PBXGroup;
			children = (
				7E964ED61ECFE05000D532EE /* ParallaxEffect */,
				7E964EEB1ECFE05000D532EE /* ParallaxEffectTests */,
				7E964EF61ECFE05000D532EE /* ParallaxEffectUITests */,
				7E964ED51ECFE05000D532EE /* Products */,
			);
			sourceTree = "<group>";
		};
		7E964ED51ECFE05000D532EE /* Products */ = {
			isa = PBXGroup;
			children = (
				7E964ED41ECFE05000D532EE /* ParallaxEffect.app */,
				7E964EE81ECFE05000D532EE /* ParallaxEffectTests.xctest */,
				7E964EF31ECFE05000D532EE /* ParallaxEffectUITests.xctest */,
			);
			name = Products;
			sourceTree = "<group>";
		};
		7E964ED61ECFE05000D532EE /* ParallaxEffect */ = {
			isa = PBXGroup;
			children = (
				7E964ED71ECFE05000D532EE /* AppDelegate.swift */,
				7E964ED91ECFE05000D532EE /* ParallaxEffectViewController.swift */,
				7E964EDB1ECFE05000D532EE /* Main.storyboard */,
				7E964EDE1ECFE05000D532EE /* Assets.xcassets */,
				7E964EE01ECFE05000D532EE /* LaunchScreen.storyboard */,
				7E964EE31ECFE05000D532EE /* Info.plist */,
				7E964F071ECFE73800D532EE /* DummyAppCollectionViewCell.swift */,
			);
			path = ParallaxEffect;
			sourceTree = "<group>";
		};
		7E964EEB1ECFE05000D532EE /* ParallaxEffectTests */ = {
			isa = PBXGroup;
			children = (
				7E964EEC1ECFE05000D532EE /* ParallaxEffectTests.swift */,
				7E964EEE1ECFE05000D532EE /* Info.plist */,
			);
			path = ParallaxEffectTests;
			sourceTree = "<group>";
		};
		7E964EF61ECFE05000D532EE /* ParallaxEffectUITests */ = {
			isa = PBXGroup;
			children = (
				7E964EF71ECFE05000D532EE /* ParallaxEffectUITests.swift */,
				7E964EF91ECFE05000D532EE /* Info.plist */,
			);
			path = ParallaxEffectUITests;
			sourceTree = "<group>";
		};
/* End PBXGroup section */

/* Begin PBXNativeTarget section */
		7E964ED31ECFE05000D532EE /* ParallaxEffect */ = {
			isa = PBXNativeTarget;
			buildConfigurationList = 7E964EFC1ECFE05000D532EE /* Build configuration list for PBXNativeTarget "ParallaxEffect" */;
			buildPhases = (
				7E964ED01ECFE05000D532EE /* Sources */,
				7E964ED11ECFE05000D532EE /* Frameworks */,
				7E964ED21ECFE05000D532EE /* Resources */,
			);
			buildRules = (
			);
			dependencies = (
			);
			name = ParallaxEffect;
			productName = ParallaxEffect;
			productReference = 7E964ED41ECFE05000D532EE /* ParallaxEffect.app */;
			productType = "com.apple.product-type.application";
		};
		7E964EE71ECFE05000D532EE /* ParallaxEffectTests */ = {
			isa = PBXNativeTarget;
			buildConfigurationList = 7E964EFF1ECFE05000D532EE /* Build configuration list for PBXNativeTarget "ParallaxEffectTests" */;
			buildPhases = (
				7E964EE41ECFE05000D532EE /* Sources */,
				7E964EE51ECFE05000D532EE /* Frameworks */,
				7E964EE61ECFE05000D532EE /* Resources */,
			);
			buildRules = (
			);
			dependencies = (
				7E964EEA1ECFE05000D532EE /* PBXTargetDependency */,
			);
			name = ParallaxEffectTests;
			productName = ParallaxEffectTests;
			productReference = 7E964EE81ECFE05000D532EE /* ParallaxEffectTests.xctest */;
			productType = "com.apple.product-type.bundle.unit-test";
		};
		7E964EF21ECFE05000D532EE /* ParallaxEffectUITests */ = {
			isa = PBXNativeTarget;
			buildConfigurationList = 7E964F021ECFE05000D532EE /* Build configuration list for PBXNativeTarget "ParallaxEffectUITests" */;
			buildPhases = (
				7E964EEF1ECFE05000D532EE /* Sources */,
				7E964EF01ECFE05000D532EE /* Frameworks */,
				7E964EF11ECFE05000D532EE /* Resources */,
			);
			buildRules = (
			);
			dependencies = (
				7E964EF51ECFE05000D532EE /* PBXTargetDependency */,
			);
			name = ParallaxEffectUITests;
			productName = ParallaxEffectUITests;
			productReference = 7E964EF31ECFE05000D532EE /* ParallaxEffectUITests.xctest */;
			productType = "com.apple.product-type.bundle.ui-testing";
		};
/* End PBXNativeTarget section */

/* Begin PBXProject section */
		7E964ECC1ECFE05000D532EE /* Project object */ = {
			isa = PBXProject;
			attributes = {
				LastSwiftUpdateCheck = 0830;
				LastUpgradeCheck = 0830;
				ORGANIZATIONNAME = "Tiago Pereira";
				TargetAttributes = {
					7E964ED31ECFE05000D532EE = {
						CreatedOnToolsVersion = 8.3.2;
						DevelopmentTeam = STUQ2X2W4Z;
						ProvisioningStyle = Automatic;
					};
					7E964EE71ECFE05000D532EE = {
						CreatedOnToolsVersion = 8.3.2;
						DevelopmentTeam = STUQ2X2W4Z;
						ProvisioningStyle = Automatic;
						TestTargetID = 7E964ED31ECFE05000D532EE;
					};
					7E964EF21ECFE05000D532EE = {
						CreatedOnToolsVersion = 8.3.2;
						DevelopmentTeam = STUQ2X2W4Z;
						ProvisioningStyle = Automatic;
						TestTargetID = 7E964ED31ECFE05000D532EE;
					};
				};
			};
			buildConfigurationList = 7E964ECF1ECFE05000D532EE /* Build configuration list for PBXProject "ParallaxEffect" */;
			compatibilityVersion = "Xcode 3.2";
			developmentRegion = English;
			hasScannedForEncodings = 0;
			knownRegions = (
				en,
				Base,
			);
			mainGroup = 7E964ECB1ECFE05000D532EE;
			productRefGroup = 7E964ED51ECFE05000D532EE /* Products */;
			projectDirPath = "";
			projectRoot = "";
			targets = (
				7E964ED31ECFE05000D532EE /* ParallaxEffect */,
				7E964EE71ECFE05000D532EE /* ParallaxEffectTests */,
				7E964EF21ECFE05000D532EE /* ParallaxEffectUITests */,
			);
		};
/* End PBXProject section */

/* Begin PBXResourcesBuildPhase section */
		7E964ED21ECFE05000D532EE /* Resources */ = {
			isa = PBXResourcesBuildPhase;
			buildActionMask = 2147483647;
			files = (
				7E964EE21ECFE05000D532EE /* LaunchScreen.storyboard in Resources */,
				7E964EDF1ECFE05000D532EE /* Assets.xcassets in Resources */,
				7E964EDD1ECFE05000D532EE /* Main.storyboard in Resources */,
			);
			runOnlyForDeploymentPostprocessing = 0;
		};
		7E964EE61ECFE05000D532EE /* Resources */ = {
			isa = PBXResourcesBuildPhase;
			buildActionMask = 2147483647;
			files = (
			);
			runOnlyForDeploymentPostprocessing = 0;
		};
		7E964EF11ECFE05000D532EE /* Resources */ = {
			isa = PBXResourcesBuildPhase;
			buildActionMask = 2147483647;
			files = (
			);
			runOnlyForDeploymentPostprocessing = 0;
		};
/* End PBXResourcesBuildPhase section */

/* Begin PBXSourcesBuildPhase section */
		7E964ED01ECFE05000D532EE /* Sources */ = {
			isa = PBXSourcesBuildPhase;
			buildActionMask = 2147483647;
			files = (
				7E964EDA1ECFE05000D532EE /* ParallaxEffectViewController.swift in Sources */,
				7E964ED81ECFE05000D532EE /* AppDelegate.swift in Sources */,
				7E964F081ECFE73800D532EE /* DummyAppCollectionViewCell.swift in Sources */,
			);
			runOnlyForDeploymentPostprocessing = 0;
		};
		7E964EE41ECFE05000D532EE /* Sources */ = {
			isa = PBXSourcesBuildPhase;
			buildActionMask = 2147483647;
			files = (
				7E964EED1ECFE05000D532EE /* ParallaxEffectTests.swift in Sources */,
			);
			runOnlyForDeploymentPostprocessing = 0;
		};
		7E964EEF1ECFE05000D532EE /* Sources */ = {
			isa = PBXSourcesBuildPhase;
			buildActionMask = 2147483647;
			files = (
				7E964EF81ECFE05000D532EE /* ParallaxEffectUITests.swift in Sources */,
			);
			runOnlyForDeploymentPostprocessing = 0;
		};
/* End PBXSourcesBuildPhase section */

/* Begin PBXTargetDependency section */
		7E964EEA1ECFE05000D532EE /* PBXTargetDependency */ = {
			isa = PBXTargetDependency;
			target = 7E964ED31ECFE05000D532EE /* ParallaxEffect */;
			targetProxy = 7E964EE91ECFE05000D532EE /* PBXContainerItemProxy */;
		};
		7E964EF51ECFE05000D532EE /* PBXTargetDependency */ = {
			isa = PBXTargetDependency;
			target = 7E964ED31ECFE05000D532EE /* ParallaxEffect */;
			targetProxy = 7E964EF41ECFE05000D532EE /* PBXContainerItemProxy */;
		};
/* End PBXTargetDependency section */

/* Begin PBXVariantGroup section */
		7E964EDB1ECFE05000D532EE /* Main.storyboard */ = {
			isa = PBXVariantGroup;
			children = (
				7E964EDC1ECFE05000D532EE /* Base */,
			);
			name = Main.storyboard;
			sourceTree = "<group>";
		};
		7E964EE01ECFE05000D532EE /* LaunchScreen.storyboard */ = {
			isa = PBXVariantGroup;
			children = (
				7E964EE11ECFE05000D532EE /* Base */,
			);
			name = LaunchScreen.storyboard;
			sourceTree = "<group>";
		};
/* End PBXVariantGroup section */

/* Begin XCBuildConfiguration section */
		7E964EFA1ECFE05000D532EE /* Debug */ = {
			isa = XCBuildConfiguration;
			buildSettings = {
				ALWAYS_SEARCH_USER_PATHS = NO;
				CLANG_ANALYZER_NONNULL = YES;
				CLANG_ANALYZER_NUMBER_OBJECT_CONVERSION = YES_AGGRESSIVE;
				CLANG_CXX_LANGUAGE_STANDARD = "gnu++0x";
				CLANG_CXX_LIBRARY = "libc++";
				CLANG_ENABLE_MODULES = YES;
				CLANG_ENABLE_OBJC_ARC = YES;
				CLANG_WARN_BOOL_CONVERSION = YES;
				CLANG_WARN_CONSTANT_CONVERSION = YES;
				CLANG_WARN_DIRECT_OBJC_ISA_USAGE = YES_ERROR;
				CLANG_WARN_DOCUMENTATION_COMMENTS = YES;
				CLANG_WARN_EMPTY_BODY = YES;
				CLANG_WARN_ENUM_CONVERSION = YES;
				CLANG_WARN_INFINITE_RECURSION = YES;
				CLANG_WARN_INT_CONVERSION = YES;
				CLANG_WARN_OBJC_ROOT_CLASS = YES_ERROR;
				CLANG_WARN_SUSPICIOUS_MOVE = YES;
				CLANG_WARN_UNREACHABLE_CODE = YES;
				CLANG_WARN__DUPLICATE_METHOD_MATCH = YES;
				"CODE_SIGN_IDENTITY[sdk=iphoneos*]" = "iPhone Developer";
				COPY_PHASE_STRIP = NO;
				DEBUG_INFORMATION_FORMAT = dwarf;
				ENABLE_STRICT_OBJC_MSGSEND = YES;
				ENABLE_TESTABILITY = YES;
				GCC_C_LANGUAGE_STANDARD = gnu99;
				GCC_DYNAMIC_NO_PIC = NO;
				GCC_NO_COMMON_BLOCKS = YES;
				GCC_OPTIMIZATION_LEVEL = 0;
				GCC_PREPROCESSOR_DEFINITIONS = (
					"DEBUG=1",
					"$(inherited)",
				);
				GCC_WARN_64_TO_32_BIT_CONVERSION = YES;
				GCC_WARN_ABOUT_RETURN_TYPE = YES_ERROR;
				GCC_WARN_UNDECLARED_SELECTOR = YES;
				GCC_WARN_UNINITIALIZED_AUTOS = YES_AGGRESSIVE;
				GCC_WARN_UNUSED_FUNCTION = YES;
				GCC_WARN_UNUSED_VARIABLE = YES;
				IPHONEOS_DEPLOYMENT_TARGET = 10.3;
				MTL_ENABLE_DEBUG_INFO = YES;
				ONLY_ACTIVE_ARCH = YES;
				SDKROOT = iphoneos;
				SWIFT_ACTIVE_COMPILATION_CONDITIONS = DEBUG;
				SWIFT_OPTIMIZATION_LEVEL = "-Onone";
				TARGETED_DEVICE_FAMILY = "1,2";
			};
			name = Debug;
		};
		7E964EFB1ECFE05000D532EE /* Release */ = {
			isa = XCBuildConfiguration;
			buildSettings = {
				ALWAYS_SEARCH_USER_PATHS = NO;
				CLANG_ANALYZER_NONNULL = YES;
				CLANG_ANALYZER_NUMBER_OBJECT_CONVERSION = YES_AGGRESSIVE;
				CLANG_CXX_LANGUAGE_STANDARD = "gnu++0x";
				CLANG_CXX_LIBRARY = "libc++";
				CLANG_ENABLE_MODULES = YES;
				CLANG_ENABLE_OBJC_ARC = YES;
				CLANG_WARN_BOOL_CONVERSION = YES;
				CLANG_WARN_CONSTANT_CONVERSION = YES;
				CLANG_WARN_DIRECT_OBJC_ISA_USAGE = YES_ERROR;
				CLANG_WARN_DOCUMENTATION_COMMENTS = YES;
				CLANG_WARN_EMPTY_BODY = YES;
				CLANG_WARN_ENUM_CONVERSION = YES;
				CLANG_WARN_INFINITE_RECURSION = YES;
				CLANG_WARN_INT_CONVERSION = YES;
				CLANG_WARN_OBJC_ROOT_CLASS = YES_ERROR;
				CLANG_WARN_SUSPICIOUS_MOVE = YES;
				CLANG_WARN_UNREACHABLE_CODE = YES;
				CLANG_WARN__DUPLICATE_METHOD_MATCH = YES;
				"CODE_SIGN_IDENTITY[sdk=iphoneos*]" = "iPhone Developer";
				COPY_PHASE_STRIP = NO;
				DEBUG_INFORMATION_FORMAT = "dwarf-with-dsym";
				ENABLE_NS_ASSERTIONS = NO;
				ENABLE_STRICT_OBJC_MSGSEND = YES;
				GCC_C_LANGUAGE_STANDARD = gnu99;
				GCC_NO_COMMON_BLOCKS = YES;
				GCC_WARN_64_TO_32_BIT_CONVERSION = YES;
				GCC_WARN_ABOUT_RETURN_TYPE = YES_ERROR;
				GCC_WARN_UNDECLARED_SELECTOR = YES;
				GCC_WARN_UNINITIALIZED_AUTOS = YES_AGGRESSIVE;
				GCC_WARN_UNUSED_FUNCTION = YES;
				GCC_WARN_UNUSED_VARIABLE = YES;
				IPHONEOS_DEPLOYMENT_TARGET = 10.3;
				MTL_ENABLE_DEBUG_INFO = NO;
				SDKROOT = iphoneos;
				SWIFT_OPTIMIZATION_LEVEL = "-Owholemodule";
				TARGETED_DEVICE_FAMILY = "1,2";
				VALIDATE_PRODUCT = YES;
			};
			name = Release;
		};
		7E964EFD1ECFE05000D532EE /* Debug */ = {
			isa = XCBuildConfiguration;
			buildSettings = {
				ASSETCATALOG_COMPILER_APPICON_NAME = AppIcon;
				DEVELOPMENT_TEAM = STUQ2X2W4Z;
				INFOPLIST_FILE = ParallaxEffect/Info.plist;
				LD_RUNPATH_SEARCH_PATHS = "$(inherited) @executable_path/Frameworks";
				PRODUCT_BUNDLE_IDENTIFIER = com.tiagopereira.perspectiveImageView;
				PRODUCT_NAME = "$(TARGET_NAME)";
				SWIFT_VERSION = 3.0;
			};
			name = Debug;
		};
		7E964EFE1ECFE05000D532EE /* Release */ = {
			isa = XCBuildConfiguration;
			buildSettings = {
				ASSETCATALOG_COMPILER_APPICON_NAME = AppIcon;
				DEVELOPMENT_TEAM = STUQ2X2W4Z;
				INFOPLIST_FILE = ParallaxEffect/Info.plist;
				LD_RUNPATH_SEARCH_PATHS = "$(inherited) @executable_path/Frameworks";
				PRODUCT_BUNDLE_IDENTIFIER = com.tiagopereira.perspectiveImageView;
				PRODUCT_NAME = "$(TARGET_NAME)";
				SWIFT_VERSION = 3.0;
			};
			name = Release;
		};
		7E964F001ECFE05000D532EE /* Debug */ = {
			isa = XCBuildConfiguration;
			buildSettings = {
				ALWAYS_EMBED_SWIFT_STANDARD_LIBRARIES = YES;
				BUNDLE_LOADER = "$(TEST_HOST)";
				DEVELOPMENT_TEAM = STUQ2X2W4Z;
				INFOPLIST_FILE = ParallaxEffectTests/Info.plist;
				LD_RUNPATH_SEARCH_PATHS = "$(inherited) @executable_path/Frameworks @loader_path/Frameworks";
				PRODUCT_BUNDLE_IDENTIFIER = com.tiagopereira.ParallaxEffectTests;
				PRODUCT_NAME = "$(TARGET_NAME)";
				SWIFT_VERSION = 3.0;
				TEST_HOST = "$(BUILT_PRODUCTS_DIR)/ParallaxEffect.app/ParallaxEffect";
			};
			name = Debug;
		};
		7E964F011ECFE05000D532EE /* Release */ = {
			isa = XCBuildConfiguration;
			buildSettings = {
				ALWAYS_EMBED_SWIFT_STANDARD_LIBRARIES = YES;
				BUNDLE_LOADER = "$(TEST_HOST)";
				DEVELOPMENT_TEAM = STUQ2X2W4Z;
				INFOPLIST_FILE = ParallaxEffectTests/Info.plist;
				LD_RUNPATH_SEARCH_PATHS = "$(inherited) @executable_path/Frameworks @loader_path/Frameworks";
				PRODUCT_BUNDLE_IDENTIFIER = com.tiagopereira.ParallaxEffectTests;
				PRODUCT_NAME = "$(TARGET_NAME)";
				SWIFT_VERSION = 3.0;
				TEST_HOST = "$(BUILT_PRODUCTS_DIR)/ParallaxEffect.app/ParallaxEffect";
			};
			name = Release;
		};
		7E964F031ECFE05000D532EE /* Debug */ = {
			isa = XCBuildConfiguration;
			buildSettings = {
				ALWAYS_EMBED_SWIFT_STANDARD_LIBRARIES = YES;
				DEVELOPMENT_TEAM = STUQ2X2W4Z;
				INFOPLIST_FILE = ParallaxEffectUITests/Info.plist;
				LD_RUNPATH_SEARCH_PATHS = "$(inherited) @executable_path/Frameworks @loader_path/Frameworks";
				PRODUCT_BUNDLE_IDENTIFIER = com.tiagopereira.ParallaxEffectUITests;
				PRODUCT_NAME = "$(TARGET_NAME)";
				SWIFT_VERSION = 3.0;
				TEST_TARGET_NAME = ParallaxEffect;
			};
			name = Debug;
		};
		7E964F041ECFE05000D532EE /* Release */ = {
			isa = XCBuildConfiguration;
			buildSettings = {
				ALWAYS_EMBED_SWIFT_STANDARD_LIBRARIES = YES;
				DEVELOPMENT_TEAM = STUQ2X2W4Z;
				INFOPLIST_FILE = ParallaxEffectUITests/Info.plist;
				LD_RUNPATH_SEARCH_PATHS = "$(inherited) @executable_path/Frameworks @loader_path/Frameworks";
				PRODUCT_BUNDLE_IDENTIFIER = com.tiagopereira.ParallaxEffectUITests;
				PRODUCT_NAME = "$(TARGET_NAME)";
				SWIFT_VERSION = 3.0;
				TEST_TARGET_NAME = ParallaxEffect;
			};
			name = Release;
		};
/* End XCBuildConfiguration section */

/* Begin XCConfigurationList section */
		7E964ECF1ECFE05000D532EE /* Build configuration list for PBXProject "ParallaxEffect" */ = {
			isa = XCConfigurationList;
			buildConfigurations = (
				7E964EFA1ECFE05000D532EE /* Debug */,
				7E964EFB1ECFE05000D532EE /* Release */,
			);
			defaultConfigurationIsVisible = 0;
			defaultConfigurationName = Release;
		};
		7E964EFC1ECFE05000D532EE /* Build configuration list for PBXNativeTarget "ParallaxEffect" */ = {
			isa = XCConfigurationList;
			buildConfigurations = (
				7E964EFD1ECFE05000D532EE /* Debug */,
				7E964EFE1ECFE05000D532EE /* Release */,
			);
			defaultConfigurationIsVisible = 0;
		};
		7E964EFF1ECFE05000D532EE /* Build configuration list for PBXNativeTarget "ParallaxEffectTests" */ = {
			isa = XCConfigurationList;
			buildConfigurations = (
				7E964F001ECFE05000D532EE /* Debug */,
				7E964F011ECFE05000D532EE /* Release */,
			);
			defaultConfigurationIsVisible = 0;
		};
		7E964F021ECFE05000D532EE /* Build configuration list for PBXNativeTarget "ParallaxEffectUITests" */ = {
			isa = XCConfigurationList;
			buildConfigurations = (
				7E964F031ECFE05000D532EE /* Debug */,
				7E964F041ECFE05000D532EE /* Release */,
			);
			defaultConfigurationIsVisible = 0;
		};
/* End XCConfigurationList section */
	};
	rootObject = 7E964ECC1ECFE05000D532EE /* Project object */;
}
